// !$*UTF8*$!
{
	archiveVersion = 1;
	classes = {
	};
	objectVersion = 50;
	objects = {

/* Begin PBXBuildFile section */
		776FF02A24895F9A0002D4C7 /* AppDelegate.swift in Sources */ = {isa = PBXBuildFile; fileRef = 776FF02924895F9A0002D4C7 /* AppDelegate.swift */; };
		776FF02C24895F9A0002D4C7 /* SceneDelegate.swift in Sources */ = {isa = PBXBuildFile; fileRef = 776FF02B24895F9A0002D4C7 /* SceneDelegate.swift */; };
		776FF02E24895F9A0002D4C7 /* ViewController.swift in Sources */ = {isa = PBXBuildFile; fileRef = 776FF02D24895F9A0002D4C7 /* ViewController.swift */; };
		776FF03124895F9A0002D4C7 /* Main.storyboard in Resources */ = {isa = PBXBuildFile; fileRef = 776FF02F24895F9A0002D4C7 /* Main.storyboard */; };
		776FF03324895F9C0002D4C7 /* Assets.xcassets in Resources */ = {isa = PBXBuildFile; fileRef = 776FF03224895F9C0002D4C7 /* Assets.xcassets */; };
		776FF03624895F9C0002D4C7 /* LaunchScreen.storyboard in Resources */ = {isa = PBXBuildFile; fileRef = 776FF03424895F9C0002D4C7 /* LaunchScreen.storyboard */; };
		776FF04424898CC70002D4C7 /* WeatherManager.swift in Sources */ = {isa = PBXBuildFile; fileRef = 776FF04324898CC70002D4C7 /* WeatherManager.swift */; };
		776FF046248A18D50002D4C7 /* Weather.swift in Sources */ = {isa = PBXBuildFile; fileRef = 776FF045248A18D50002D4C7 /* Weather.swift */; };
/* End PBXBuildFile section */

/* Begin PBXFileReference section */
		776FF02624895F9A0002D4C7 /* OneWeather.app */ = {isa = PBXFileReference; explicitFileType = wrapper.application; includeInIndex = 0; path = OneWeather.app; sourceTree = BUILT_PRODUCTS_DIR; };
		776FF02924895F9A0002D4C7 /* AppDelegate.swift */ = {isa = PBXFileReference; lastKnownFileType = sourcecode.swift; path = AppDelegate.swift; sourceTree = "<group>"; };
		776FF02B24895F9A0002D4C7 /* SceneDelegate.swift */ = {isa = PBXFileReference; lastKnownFileType = sourcecode.swift; path = SceneDelegate.swift; sourceTree = "<group>"; };
		776FF02D24895F9A0002D4C7 /* ViewController.swift */ = {isa = PBXFileReference; lastKnownFileType = sourcecode.swift; path = ViewController.swift; sourceTree = "<group>"; };
		776FF03024895F9A0002D4C7 /* Base */ = {isa = PBXFileReference; lastKnownFileType = file.storyboard; name = Base; path = Base.lproj/Main.storyboard; sourceTree = "<group>"; };
		776FF03224895F9C0002D4C7 /* Assets.xcassets */ = {isa = PBXFileReference; lastKnownFileType = folder.assetcatalog; path = Assets.xcassets; sourceTree = "<group>"; };
		776FF03524895F9C0002D4C7 /* Base */ = {isa = PBXFileReference; lastKnownFileType = file.storyboard; name = Base; path = Base.lproj/LaunchScreen.storyboard; sourceTree = "<group>"; };
		776FF03724895F9C0002D4C7 /* Info.plist */ = {isa = PBXFileReference; lastKnownFileType = text.plist.xml; path = Info.plist; sourceTree = "<group>"; };
		776FF04324898CC70002D4C7 /* WeatherManager.swift */ = {isa = PBXFileReference; lastKnownFileType = sourcecode.swift; path = WeatherManager.swift; sourceTree = "<group>"; };
		776FF045248A18D50002D4C7 /* Weather.swift */ = {isa = PBXFileReference; lastKnownFileType = sourcecode.swift; path = Weather.swift; sourceTree = "<group>"; };
/* End PBXFileReference section */

/* Begin PBXFrameworksBuildPhase section */
		776FF02324895F990002D4C7 /* Frameworks */ = {
			isa = PBXFrameworksBuildPhase;
			buildActionMask = 2147483647;
			files = (
			);
			runOnlyForDeploymentPostprocessing = 0;
		};
/* End PBXFrameworksBuildPhase section */

/* Begin PBXGroup section */
		776FF01D24895F990002D4C7 = {
			isa = PBXGroup;
			children = (
				776FF02824895F9A0002D4C7 /* OneWeather */,
				776FF02724895F9A0002D4C7 /* Products */,
			);
			sourceTree = "<group>";
		};
		776FF02724895F9A0002D4C7 /* Products */ = {
			isa = PBXGroup;
			children = (
				776FF02624895F9A0002D4C7 /* OneWeather.app */,
			);
			name = Products;
			sourceTree = "<group>";
		};
		776FF02824895F9A0002D4C7 /* OneWeather */ = {
			isa = PBXGroup;
			children = (
				776FF02924895F9A0002D4C7 /* AppDelegate.swift */,
				776FF02B24895F9A0002D4C7 /* SceneDelegate.swift */,
				776FF04224898A460002D4C7 /* Networking */,
				776FF03F24895FC10002D4C7 /* Model */,
				776FF03D24895FB70002D4C7 /* View */,
				776FF03E24895FBB0002D4C7 /* Controller */,
				776FF03224895F9C0002D4C7 /* Assets.xcassets */,
				776FF03424895F9C0002D4C7 /* LaunchScreen.storyboard */,
				776FF03724895F9C0002D4C7 /* Info.plist */,
			);
			path = OneWeather;
			sourceTree = "<group>";
		};
		776FF03D24895FB70002D4C7 /* View */ = {
			isa = PBXGroup;
			children = (
				776FF02F24895F9A0002D4C7 /* Main.storyboard */,
			);
			path = View;
			sourceTree = "<group>";
		};
		776FF03E24895FBB0002D4C7 /* Controller */ = {
			isa = PBXGroup;
			children = (
				776FF02D24895F9A0002D4C7 /* ViewController.swift */,
			);
			path = Controller;
			sourceTree = "<group>";
		};
		776FF03F24895FC10002D4C7 /* Model */ = {
			isa = PBXGroup;
			children = (
				776FF045248A18D50002D4C7 /* Weather.swift */,
			);
			path = Model;
			sourceTree = "<group>";
		};
		776FF04224898A460002D4C7 /* Networking */ = {
			isa = PBXGroup;
			children = (
				776FF04324898CC70002D4C7 /* WeatherManager.swift */,
			);
			path = Networking;
			sourceTree = "<group>";
		};
/* End PBXGroup section */

/* Begin PBXNativeTarget section */
		776FF02524895F990002D4C7 /* OneWeather */ = {
			isa = PBXNativeTarget;
			buildConfigurationList = 776FF03A24895F9C0002D4C7 /* Build configuration list for PBXNativeTarget "OneWeather" */;
			buildPhases = (
				776FF02224895F990002D4C7 /* Sources */,
				776FF02324895F990002D4C7 /* Frameworks */,
				776FF02424895F990002D4C7 /* Resources */,
			);
			buildRules = (
			);
			dependencies = (
			);
			name = OneWeather;
			productName = OneWeather;
			productReference = 776FF02624895F9A0002D4C7 /* OneWeather.app */;
			productType = "com.apple.product-type.application";
		};
/* End PBXNativeTarget section */

/* Begin PBXProject section */
		776FF01E24895F990002D4C7 /* Project object */ = {
			isa = PBXProject;
			attributes = {
				LastSwiftUpdateCheck = 1150;
				LastUpgradeCheck = 1150;
				ORGANIZATIONNAME = "Mo Drame";
				TargetAttributes = {
					776FF02524895F990002D4C7 = {
						CreatedOnToolsVersion = 11.5;
					};
				};
			};
			buildConfigurationList = 776FF02124895F990002D4C7 /* Build configuration list for PBXProject "OneWeather" */;
			compatibilityVersion = "Xcode 9.3";
			developmentRegion = en;
			hasScannedForEncodings = 0;
			knownRegions = (
				en,
				Base,
			);
			mainGroup = 776FF01D24895F990002D4C7;
			productRefGroup = 776FF02724895F9A0002D4C7 /* Products */;
			projectDirPath = "";
			projectRoot = "";
			targets = (
				776FF02524895F990002D4C7 /* OneWeather */,
			);
		};
/* End PBXProject section */

/* Begin PBXResourcesBuildPhase section */
		776FF02424895F990002D4C7 /* Resources */ = {
			isa = PBXResourcesBuildPhase;
			buildActionMask = 2147483647;
			files = (
				776FF03624895F9C0002D4C7 /* LaunchScreen.storyboard in Resources */,
				776FF03324895F9C0002D4C7 /* Assets.xcassets in Resources */,
				776FF03124895F9A0002D4C7 /* Main.storyboard in Resources */,
			);
			runOnlyForDeploymentPostprocessing = 0;
		};
/* End PBXResourcesBuildPhase section */

/* Begin PBXSourcesBuildPhase section */
		776FF02224895F990002D4C7 /* Sources */ = {
			isa = PBXSourcesBuildPhase;
			buildActionMask = 2147483647;
			files = (
				776FF02E24895F9A0002D4C7 /* ViewController.swift in Sources */,
				776FF02A24895F9A0002D4C7 /* AppDelegate.swift in Sources */,
				776FF04424898CC70002D4C7 /* WeatherManager.swift in Sources */,
				776FF02C24895F9A0002D4C7 /* SceneDelegate.swift in Sources */,
				776FF046248A18D50002D4C7 /* Weather.swift in Sources */,
			);
			runOnlyForDeploymentPostprocessing = 0;
		};
/* End PBXSourcesBuildPhase section */

/* Begin PBXVariantGroup section */
		776FF02F24895F9A0002D4C7 /* Main.storyboard */ = {
			isa = PBXVariantGroup;
			children = (
				776FF03024895F9A0002D4C7 /* Base */,
			);
			name = Main.storyboard;
			sourceTree = "<group>";
		};
		776FF03424895F9C0002D4C7 /* LaunchScreen.storyboard */ = {
			isa = PBXVariantGroup;
			children = (
				776FF03524895F9C0002D4C7 /* Base */,
			);
			name = LaunchScreen.storyboard;
			sourceTree = "<group>";
		};
/* End PBXVariantGroup section */

/* Begin XCBuildConfiguration section */
		776FF03824895F9C0002D4C7 /* Debug */ = {
			isa = XCBuildConfiguration;
			buildSettings = {
				ALWAYS_SEARCH_USER_PATHS = NO;
				CLANG_ANALYZER_NONNULL = YES;
				CLANG_ANALYZER_NUMBER_OBJECT_CONVERSION = YES_AGGRESSIVE;
				CLANG_CXX_LANGUAGE_STANDARD = "gnu++14";
				CLANG_CXX_LIBRARY = "libc++";
				CLANG_ENABLE_MODULES = YES;
				CLANG_ENABLE_OBJC_ARC = YES;
				CLANG_ENABLE_OBJC_WEAK = YES;
				CLANG_WARN_BLOCK_CAPTURE_AUTORELEASING = YES;
				CLANG_WARN_BOOL_CONVERSION = YES;
				CLANG_WARN_COMMA = YES;
				CLANG_WARN_CONSTANT_CONVERSION = YES;
				CLANG_WARN_DEPRECATED_OBJC_IMPLEMENTATIONS = YES;
				CLANG_WARN_DIRECT_OBJC_ISA_USAGE = YES_ERROR;
				CLANG_WARN_DOCUMENTATION_COMMENTS = YES;
				CLANG_WARN_EMPTY_BODY = YES;
				CLANG_WARN_ENUM_CONVERSION = YES;
				CLANG_WARN_INFINITE_RECURSION = YES;
				CLANG_WARN_INT_CONVERSION = YES;
				CLANG_WARN_NON_LITERAL_NULL_CONVERSION = YES;
				CLANG_WARN_OBJC_IMPLICIT_RETAIN_SELF = YES;
				CLANG_WARN_OBJC_LITERAL_CONVERSION = YES;
				CLANG_WARN_OBJC_ROOT_CLASS = YES_ERROR;
				CLANG_WARN_RANGE_LOOP_ANALYSIS = YES;
				CLANG_WARN_STRICT_PROTOTYPES = YES;
				CLANG_WARN_SUSPICIOUS_MOVE = YES;
				CLANG_WARN_UNGUARDED_AVAILABILITY = YES_AGGRESSIVE;
				CLANG_WARN_UNREACHABLE_CODE = YES;
				CLANG_WARN__DUPLICATE_METHOD_MATCH = YES;
				COPY_PHASE_STRIP = NO;
				DEBUG_INFORMATION_FORMAT = dwarf;
				ENABLE_STRICT_OBJC_MSGSEND = YES;
				ENABLE_TESTABILITY = YES;
				GCC_C_LANGUAGE_STANDARD = gnu11;
				GCC_DYNAMIC_NO_PIC = NO;
				GCC_NO_COMMON_BLOCKS = YES;
				GCC_OPTIMIZATION_LEVEL = 0;
				GCC_PREPROCESSOR_DEFINITIONS = (
					"DEBUG=1",
					"$(inherited)",
				);
				GCC_WARN_64_TO_32_BIT_CONVERSION = YES;
				GCC_WARN_ABOUT_RETURN_TYPE = YES_ERROR;
				GCC_WARN_UNDECLARED_SELECTOR = YES;
				GCC_WARN_UNINITIALIZED_AUTOS = YES_AGGRESSIVE;
				GCC_WARN_UNUSED_FUNCTION = YES;
				GCC_WARN_UNUSED_VARIABLE = YES;
				IPHONEOS_DEPLOYMENT_TARGET = 13.5;
				MTL_ENABLE_DEBUG_INFO = INCLUDE_SOURCE;
				MTL_FAST_MATH = YES;
				ONLY_ACTIVE_ARCH = YES;
				SDKROOT = iphoneos;
				SWIFT_ACTIVE_COMPILATION_CONDITIONS = DEBUG;
				SWIFT_OPTIMIZATION_LEVEL = "-Onone";
			};
			name = Debug;
		};
		776FF03924895F9C0002D4C7 /* Release */ = {
			isa = XCBuildConfiguration;
			buildSettings = {
				ALWAYS_SEARCH_USER_PATHS = NO;
				CLANG_ANALYZER_NONNULL = YES;
				CLANG_ANALYZER_NUMBER_OBJECT_CONVERSION = YES_AGGRESSIVE;
				CLANG_CXX_LANGUAGE_STANDARD = "gnu++14";
				CLANG_CXX_LIBRARY = "libc++";
				CLANG_ENABLE_MODULES = YES;
				CLANG_ENABLE_OBJC_ARC = YES;
				CLANG_ENABLE_OBJC_WEAK = YES;
				CLANG_WARN_BLOCK_CAPTURE_AUTORELEASING = YES;
				CLANG_WARN_BOOL_CONVERSION = YES;
				CLANG_WARN_COMMA = YES;
				CLANG_WARN_CONSTANT_CONVERSION = YES;
				CLANG_WARN_DEPRECATED_OBJC_IMPLEMENTATIONS = YES;
				CLANG_WARN_DIRECT_OBJC_ISA_USAGE = YES_ERROR;
				CLANG_WARN_DOCUMENTATION_COMMENTS = YES;
				CLANG_WARN_EMPTY_BODY = YES;
				CLANG_WARN_ENUM_CONVERSION = YES;
				CLANG_WARN_INFINITE_RECURSION = YES;
				CLANG_WARN_INT_CONVERSION = YES;
				CLANG_WARN_NON_LITERAL_NULL_CONVERSION = YES;
				CLANG_WARN_OBJC_IMPLICIT_RETAIN_SELF = YES;
				CLANG_WARN_OBJC_LITERAL_CONVERSION = YES;
				CLANG_WARN_OBJC_ROOT_CLASS = YES_ERROR;
				CLANG_WARN_RANGE_LOOP_ANALYSIS = YES;
				CLANG_WARN_STRICT_PROTOTYPES = YES;
				CLANG_WARN_SUSPICIOUS_MOVE = YES;
				CLANG_WARN_UNGUARDED_AVAILABILITY = YES_AGGRESSIVE;
				CLANG_WARN_UNREACHABLE_CODE = YES;
				CLANG_WARN__DUPLICATE_METHOD_MATCH = YES;
				COPY_PHASE_STRIP = NO;
				DEBUG_INFORMATION_FORMAT = "dwarf-with-dsym";
				ENABLE_NS_ASSERTIONS = NO;
				ENABLE_STRICT_OBJC_MSGSEND = YES;
				GCC_C_LANGUAGE_STANDARD = gnu11;
				GCC_NO_COMMON_BLOCKS = YES;
				GCC_WARN_64_TO_32_BIT_CONVERSION = YES;
				GCC_WARN_ABOUT_RETURN_TYPE = YES_ERROR;
				GCC_WARN_UNDECLARED_SELECTOR = YES;
				GCC_WARN_UNINITIALIZED_AUTOS = YES_AGGRESSIVE;
				GCC_WARN_UNUSED_FUNCTION = YES;
				GCC_WARN_UNUSED_VARIABLE = YES;
				IPHONEOS_DEPLOYMENT_TARGET = 13.5;
				MTL_ENABLE_DEBUG_INFO = NO;
				MTL_FAST_MATH = YES;
				SDKROOT = iphoneos;
				SWIFT_COMPILATION_MODE = wholemodule;
				SWIFT_OPTIMIZATION_LEVEL = "-O";
				VALIDATE_PRODUCT = YES;
			};
			name = Release;
		};
		776FF03B24895F9C0002D4C7 /* Debug */ = {
			isa = XCBuildConfiguration;
			buildSettings = {
				ASSETCATALOG_COMPILER_APPICON_NAME = AppIcon;
				CODE_SIGN_STYLE = Automatic;
				DEVELOPMENT_TEAM = 6AY5G84ET7;
				INFOPLIST_FILE = OneWeather/Info.plist;
				LD_RUNPATH_SEARCH_PATHS = (
					"$(inherited)",
					"@executable_path/Frameworks",
				);
				PRODUCT_BUNDLE_IDENTIFIER = com.modrame.herokuapp.OneWeather;
				PRODUCT_NAME = "$(TARGET_NAME)";
				SWIFT_VERSION = 5.0;
				TARGETED_DEVICE_FAMILY = 1;
			};
			name = Debug;
		};
		776FF03C24895F9C0002D4C7 /* Release */ = {
			isa = XCBuildConfiguration;
			buildSettings = {
				ASSETCATALOG_COMPILER_APPICON_NAME = AppIcon;
				CODE_SIGN_STYLE = Automatic;
				DEVELOPMENT_TEAM = 6AY5G84ET7;
				INFOPLIST_FILE = OneWeather/Info.plist;
				LD_RUNPATH_SEARCH_PATHS = (
					"$(inherited)",
					"@executable_path/Frameworks",
				);
				PRODUCT_BUNDLE_IDENTIFIER = com.modrame.herokuapp.OneWeather;
				PRODUCT_NAME = "$(TARGET_NAME)";
				SWIFT_VERSION = 5.0;
				TARGETED_DEVICE_FAMILY = 1;
			};
			name = Release;
		};
/* End XCBuildConfiguration section */

/* Begin XCConfigurationList section */
		776FF02124895F990002D4C7 /* Build configuration list for PBXProject "OneWeather" */ = {
			isa = XCConfigurationList;
			buildConfigurations = (
				776FF03824895F9C0002D4C7 /* Debug */,
				776FF03924895F9C0002D4C7 /* Release */,
			);
			defaultConfigurationIsVisible = 0;
			defaultConfigurationName = Release;
		};
		776FF03A24895F9C0002D4C7 /* Build configuration list for PBXNativeTarget "OneWeather" */ = {
			isa = XCConfigurationList;
			buildConfigurations = (
				776FF03B24895F9C0002D4C7 /* Debug */,
				776FF03C24895F9C0002D4C7 /* Release */,
			);
			defaultConfigurationIsVisible = 0;
			defaultConfigurationName = Release;
		};
/* End XCConfigurationList section */
	};
	rootObject = 776FF01E24895F990002D4C7 /* Project object */;
}
